
Microsoft Visual Studio Solution File, Format Version 12.00
# Visual Studio Version 17
VisualStudioVersion = 17.5.002.0
MinimumVisualStudioVersion = 10.0.40219.1
Project("{9A19103F-16F7-4668-BE54-9A1E7A4F7556}") = "csharp-demo", "csharp-demo.csproj", "{2409FBE8-1F5F-4757-8B48-ACF47A51C53C}"
EndProject
Global
	GlobalSection(SolutionConfigurationPlatforms) = preSolution
		Debug|Any CPU = Debug|Any CPU
		Release|Any CPU = Release|Any CPU
	EndGlobalSection
	GlobalSection(ProjectConfigurationPlatforms) = postSolution
		{2409FBE8-1F5F-4757-8B48-ACF47A51C53C}.Debug|Any CPU.ActiveCfg = Debug|Any CPU
		{2409FBE8-1F5F-4757-8B48-ACF47A51C53C}.Debug|Any CPU.Build.0 = Debug|Any CPU
		{2409FBE8-1F5F-4757-8B48-ACF47A51C53C}.Release|Any CPU.ActiveCfg = Release|Any CPU
		{2409FBE8-1F5F-4757-8B48-ACF47A51C53C}.Release|Any CPU.Build.0 = Release|Any CPU
	EndGlobalSection
	GlobalSection(SolutionProperties) = preSolution
		HideSolutionNode = FALSE
	EndGlobalSection
	GlobalSection(ExtensibilityGlobals) = postSolution
		SolutionGuid = {D0D5EBF9-5986-4A57-A85F-E8B9B9562451}
	EndGlobalSection
EndGlobal
